// !$*UTF8*$!
{
	archiveVersion = 1;
	classes = {
	};
	objectVersion = 56;
	objects = {

/* Begin PBXBuildFile section */
		4137D3092B7D78480031FE36 /* InitializerBootcamp.swift in Sources */ = {isa = PBXBuildFile; fileRef = 4137D3082B7D78480031FE36 /* InitializerBootcamp.swift */; };
		416021D12B5E27CE005A030A /* NickSarnoApp.swift in Sources */ = {isa = PBXBuildFile; fileRef = 416021D02B5E27CE005A030A /* NickSarnoApp.swift */; };
		416021D32B5E27CE005A030A /* ContentView.swift in Sources */ = {isa = PBXBuildFile; fileRef = 416021D22B5E27CE005A030A /* ContentView.swift */; };
		416021D52B5E27CE005A030A /* Assets.xcassets in Resources */ = {isa = PBXBuildFile; fileRef = 416021D42B5E27CE005A030A /* Assets.xcassets */; };
		416021D82B5E27CE005A030A /* Preview Assets.xcassets in Resources */ = {isa = PBXBuildFile; fileRef = 416021D72B5E27CE005A030A /* Preview Assets.xcassets */; };
		416021DF2B5E35D5005A030A /* ShapesBootcamp.swift in Sources */ = {isa = PBXBuildFile; fileRef = 416021DE2B5E35D5005A030A /* ShapesBootcamp.swift */; };
		41D386B42B63221100E4B12B /* ColorsBootCamp.swift in Sources */ = {isa = PBXBuildFile; fileRef = 41D386B32B63221100E4B12B /* ColorsBootCamp.swift */; };
		41D386B62B661EF500E4B12B /* IconsBootcamp.swift in Sources */ = {isa = PBXBuildFile; fileRef = 41D386B52B661EF500E4B12B /* IconsBootcamp.swift */; };
		41D386B82B662DC900E4B12B /* FrameBootCamp.swift in Sources */ = {isa = PBXBuildFile; fileRef = 41D386B72B662DC900E4B12B /* FrameBootCamp.swift */; };
		41D386BA2B66BAAD00E4B12B /* ImageBootCamp.swift in Sources */ = {isa = PBXBuildFile; fileRef = 41D386B92B66BAAD00E4B12B /* ImageBootCamp.swift */; };
		41D386BC2B66F42D00E4B12B /* BackgroundAndOverlayBootCamp.swift in Sources */ = {isa = PBXBuildFile; fileRef = 41D386BB2B66F42D00E4B12B /* BackgroundAndOverlayBootCamp.swift */; };
		41D386BE2B69C77100E4B12B /* StackBootCamp.swift in Sources */ = {isa = PBXBuildFile; fileRef = 41D386BD2B69C77100E4B12B /* StackBootCamp.swift */; };
		41EDD39B2B7E95CC007A4600 /* ScrollViewBootcamp.swift in Sources */ = {isa = PBXBuildFile; fileRef = 41EDD39A2B7E95CC007A4600 /* ScrollViewBootcamp.swift */; };
		41EDD39D2B7EB5ED007A4600 /* LazyVGridBootcamp.swift in Sources */ = {isa = PBXBuildFile; fileRef = 41EDD39C2B7EB5ED007A4600 /* LazyVGridBootcamp.swift */; };
		41EDD39F2B82C0EB007A4600 /* ExtracSubviewBootcamp.swift in Sources */ = {isa = PBXBuildFile; fileRef = 41EDD39E2B82C0EB007A4600 /* ExtracSubviewBootcamp.swift */; };
		41F17BC92B71C863005426A3 /* PaddingAndSpacerBootcamp.swift in Sources */ = {isa = PBXBuildFile; fileRef = 41F17BC82B71C863005426A3 /* PaddingAndSpacerBootcamp.swift */; };
		41F17BCB2B71D7B5005426A3 /* SpacerBootcamp.swift in Sources */ = {isa = PBXBuildFile; fileRef = 41F17BCA2B71D7B5005426A3 /* SpacerBootcamp.swift */; };
		DBC35CED2B64A8A0000E192D /* GradientsBootCamp.swift in Sources */ = {isa = PBXBuildFile; fileRef = DBC35CEC2B64A8A0000E192D /* GradientsBootCamp.swift */; };
		DBE97B7C2B7C537E00C8E590 /* PaddingAndSpacerBoothcamp.swift in Sources */ = {isa = PBXBuildFile; fileRef = DBE97B7B2B7C537E00C8E590 /* PaddingAndSpacerBoothcamp.swift */; };
		DBE97B7E2B7DDED400C8E590 /* ForEachBootcamp.swift in Sources */ = {isa = PBXBuildFile; fileRef = DBE97B7D2B7DDED400C8E590 /* ForEachBootcamp.swift */; };
		DBE97B802B81653100C8E590 /* SafeAreaBootcamp.swift in Sources */ = {isa = PBXBuildFile; fileRef = DBE97B7F2B81653100C8E590 /* SafeAreaBootcamp.swift */; };
		DBE97B822B81951200C8E590 /* ButtonBootcamp.swift in Sources */ = {isa = PBXBuildFile; fileRef = DBE97B812B81951200C8E590 /* ButtonBootcamp.swift */; };
		DBE97B842B81B11F00C8E590 /* StateBootcamp.swift in Sources */ = {isa = PBXBuildFile; fileRef = DBE97B832B81B11F00C8E590 /* StateBootcamp.swift */; };
		DBE97B862B829CAF00C8E590 /* ExtractFunctionBootcamp.swift in Sources */ = {isa = PBXBuildFile; fileRef = DBE97B852B829CAF00C8E590 /* ExtractFunctionBootcamp.swift */; };
/* End PBXBuildFile section */

/* Begin PBXFileReference section */
		4137D3082B7D78480031FE36 /* InitializerBootcamp.swift */ = {isa = PBXFileReference; lastKnownFileType = sourcecode.swift; path = InitializerBootcamp.swift; sourceTree = "<group>"; };
		416021CD2B5E27CE005A030A /* NickSarno.app */ = {isa = PBXFileReference; explicitFileType = wrapper.application; includeInIndex = 0; path = NickSarno.app; sourceTree = BUILT_PRODUCTS_DIR; };
		416021D02B5E27CE005A030A /* NickSarnoApp.swift */ = {isa = PBXFileReference; lastKnownFileType = sourcecode.swift; path = NickSarnoApp.swift; sourceTree = "<group>"; };
		416021D22B5E27CE005A030A /* ContentView.swift */ = {isa = PBXFileReference; lastKnownFileType = sourcecode.swift; path = ContentView.swift; sourceTree = "<group>"; };
		416021D42B5E27CE005A030A /* Assets.xcassets */ = {isa = PBXFileReference; lastKnownFileType = folder.assetcatalog; path = Assets.xcassets; sourceTree = "<group>"; };
		416021D72B5E27CE005A030A /* Preview Assets.xcassets */ = {isa = PBXFileReference; lastKnownFileType = folder.assetcatalog; path = "Preview Assets.xcassets"; sourceTree = "<group>"; };
		416021DE2B5E35D5005A030A /* ShapesBootcamp.swift */ = {isa = PBXFileReference; lastKnownFileType = sourcecode.swift; path = ShapesBootcamp.swift; sourceTree = "<group>"; };
		41D386B32B63221100E4B12B /* ColorsBootCamp.swift */ = {isa = PBXFileReference; lastKnownFileType = sourcecode.swift; path = ColorsBootCamp.swift; sourceTree = "<group>"; };
		41D386B52B661EF500E4B12B /* IconsBootcamp.swift */ = {isa = PBXFileReference; lastKnownFileType = sourcecode.swift; path = IconsBootcamp.swift; sourceTree = "<group>"; };
		41D386B72B662DC900E4B12B /* FrameBootCamp.swift */ = {isa = PBXFileReference; lastKnownFileType = sourcecode.swift; path = FrameBootCamp.swift; sourceTree = "<group>"; };
		41D386B92B66BAAD00E4B12B /* ImageBootCamp.swift */ = {isa = PBXFileReference; lastKnownFileType = sourcecode.swift; path = ImageBootCamp.swift; sourceTree = "<group>"; };
		41D386BB2B66F42D00E4B12B /* BackgroundAndOverlayBootCamp.swift */ = {isa = PBXFileReference; lastKnownFileType = sourcecode.swift; path = BackgroundAndOverlayBootCamp.swift; sourceTree = "<group>"; };
		41D386BD2B69C77100E4B12B /* StackBootCamp.swift */ = {isa = PBXFileReference; lastKnownFileType = sourcecode.swift; path = StackBootCamp.swift; sourceTree = "<group>"; };
		41EDD39A2B7E95CC007A4600 /* ScrollViewBootcamp.swift */ = {isa = PBXFileReference; lastKnownFileType = sourcecode.swift; path = ScrollViewBootcamp.swift; sourceTree = "<group>"; };
		41EDD39C2B7EB5ED007A4600 /* LazyVGridBootcamp.swift */ = {isa = PBXFileReference; lastKnownFileType = sourcecode.swift; path = LazyVGridBootcamp.swift; sourceTree = "<group>"; };
		41EDD39E2B82C0EB007A4600 /* ExtracSubviewBootcamp.swift */ = {isa = PBXFileReference; lastKnownFileType = sourcecode.swift; path = ExtracSubviewBootcamp.swift; sourceTree = "<group>"; };
		41F17BC82B71C863005426A3 /* PaddingAndSpacerBootcamp.swift */ = {isa = PBXFileReference; lastKnownFileType = sourcecode.swift; path = PaddingAndSpacerBootcamp.swift; sourceTree = "<group>"; };
		41F17BCA2B71D7B5005426A3 /* SpacerBootcamp.swift */ = {isa = PBXFileReference; lastKnownFileType = sourcecode.swift; path = SpacerBootcamp.swift; sourceTree = "<group>"; };
		DBC35CEC2B64A8A0000E192D /* GradientsBootCamp.swift */ = {isa = PBXFileReference; lastKnownFileType = sourcecode.swift; path = GradientsBootCamp.swift; sourceTree = "<group>"; };
		DBE97B7B2B7C537E00C8E590 /* PaddingAndSpacerBoothcamp.swift */ = {isa = PBXFileReference; lastKnownFileType = sourcecode.swift; path = PaddingAndSpacerBoothcamp.swift; sourceTree = "<group>"; };
		DBE97B7D2B7DDED400C8E590 /* ForEachBootcamp.swift */ = {isa = PBXFileReference; lastKnownFileType = sourcecode.swift; path = ForEachBootcamp.swift; sourceTree = "<group>"; };
		DBE97B7F2B81653100C8E590 /* SafeAreaBootcamp.swift */ = {isa = PBXFileReference; lastKnownFileType = sourcecode.swift; path = SafeAreaBootcamp.swift; sourceTree = "<group>"; };
		DBE97B812B81951200C8E590 /* ButtonBootcamp.swift */ = {isa = PBXFileReference; lastKnownFileType = sourcecode.swift; path = ButtonBootcamp.swift; sourceTree = "<group>"; };
		DBE97B832B81B11F00C8E590 /* StateBootcamp.swift */ = {isa = PBXFileReference; lastKnownFileType = sourcecode.swift; path = StateBootcamp.swift; sourceTree = "<group>"; };
		DBE97B852B829CAF00C8E590 /* ExtractFunctionBootcamp.swift */ = {isa = PBXFileReference; lastKnownFileType = sourcecode.swift; path = ExtractFunctionBootcamp.swift; sourceTree = "<group>"; };
/* End PBXFileReference section */

/* Begin PBXFrameworksBuildPhase section */
		416021CA2B5E27CE005A030A /* Frameworks */ = {
			isa = PBXFrameworksBuildPhase;
			buildActionMask = 2147483647;
			files = (
			);
			runOnlyForDeploymentPostprocessing = 0;
		};
/* End PBXFrameworksBuildPhase section */

/* Begin PBXGroup section */
		416021C42B5E27CE005A030A = {
			isa = PBXGroup;
			children = (
				DBE97B7F2B81653100C8E590 /* SafeAreaBootcamp.swift */,
				DBE97B812B81951200C8E590 /* ButtonBootcamp.swift */,
				DBE97B832B81B11F00C8E590 /* StateBootcamp.swift */,
				DBE97B852B829CAF00C8E590 /* ExtractFunctionBootcamp.swift */,
				41EDD39E2B82C0EB007A4600 /* ExtracSubviewBootcamp.swift */,
				416021CF2B5E27CE005A030A /* NickSarno */,
				416021CE2B5E27CE005A030A /* Products */,
			);
			sourceTree = "<group>";
		};
		416021CE2B5E27CE005A030A /* Products */ = {
			isa = PBXGroup;
			children = (
				416021CD2B5E27CE005A030A /* NickSarno.app */,
			);
			name = Products;
			sourceTree = "<group>";
		};
		416021CF2B5E27CE005A030A /* NickSarno */ = {
			isa = PBXGroup;
			children = (
				416021D02B5E27CE005A030A /* NickSarnoApp.swift */,
				41D386B92B66BAAD00E4B12B /* ImageBootCamp.swift */,
				416021D22B5E27CE005A030A /* ContentView.swift */,
				416021DE2B5E35D5005A030A /* ShapesBootcamp.swift */,
				41D386B32B63221100E4B12B /* ColorsBootCamp.swift */,
				DBC35CEC2B64A8A0000E192D /* GradientsBootCamp.swift */,
				41D386B52B661EF500E4B12B /* IconsBootcamp.swift */,
				41D386B72B662DC900E4B12B /* FrameBootCamp.swift */,
				41D386BB2B66F42D00E4B12B /* BackgroundAndOverlayBootCamp.swift */,
				41D386BD2B69C77100E4B12B /* StackBootCamp.swift */,
				DBE97B7B2B7C537E00C8E590 /* PaddingAndSpacerBoothcamp.swift */,
				41F17BC82B71C863005426A3 /* PaddingAndSpacerBootcamp.swift */,
				41F17BCA2B71D7B5005426A3 /* SpacerBootcamp.swift */,
				4137D3082B7D78480031FE36 /* InitializerBootcamp.swift */,
				DBE97B7D2B7DDED400C8E590 /* ForEachBootcamp.swift */,
				41EDD39A2B7E95CC007A4600 /* ScrollViewBootcamp.swift */,
				41EDD39C2B7EB5ED007A4600 /* LazyVGridBootcamp.swift */,
				416021D42B5E27CE005A030A /* Assets.xcassets */,
				416021D62B5E27CE005A030A /* Preview Content */,
			);
			path = NickSarno;
			sourceTree = "<group>";
		};
		416021D62B5E27CE005A030A /* Preview Content */ = {
			isa = PBXGroup;
			children = (
				416021D72B5E27CE005A030A /* Preview Assets.xcassets */,
			);
			path = "Preview Content";
			sourceTree = "<group>";
		};
/* End PBXGroup section */

/* Begin PBXNativeTarget section */
		416021CC2B5E27CE005A030A /* NickSarno */ = {
			isa = PBXNativeTarget;
			buildConfigurationList = 416021DB2B5E27CE005A030A /* Build configuration list for PBXNativeTarget "NickSarno" */;
			buildPhases = (
				416021C92B5E27CE005A030A /* Sources */,
				416021CA2B5E27CE005A030A /* Frameworks */,
				416021CB2B5E27CE005A030A /* Resources */,
			);
			buildRules = (
			);
			dependencies = (
			);
			name = NickSarno;
			productName = NickSarno;
			productReference = 416021CD2B5E27CE005A030A /* NickSarno.app */;
			productType = "com.apple.product-type.application";
		};
/* End PBXNativeTarget section */

/* Begin PBXProject section */
		416021C52B5E27CE005A030A /* Project object */ = {
			isa = PBXProject;
			attributes = {
				BuildIndependentTargetsInParallel = 1;
				LastSwiftUpdateCheck = 1500;
				LastUpgradeCheck = 1500;
				TargetAttributes = {
					416021CC2B5E27CE005A030A = {
						CreatedOnToolsVersion = 15.0;
					};
				};
			};
			buildConfigurationList = 416021C82B5E27CE005A030A /* Build configuration list for PBXProject "NickSarno" */;
			compatibilityVersion = "Xcode 14.0";
			developmentRegion = en;
			hasScannedForEncodings = 0;
			knownRegions = (
				en,
				Base,
			);
			mainGroup = 416021C42B5E27CE005A030A;
			productRefGroup = 416021CE2B5E27CE005A030A /* Products */;
			projectDirPath = "";
			projectRoot = "";
			targets = (
				416021CC2B5E27CE005A030A /* NickSarno */,
			);
		};
/* End PBXProject section */

/* Begin PBXResourcesBuildPhase section */
		416021CB2B5E27CE005A030A /* Resources */ = {
			isa = PBXResourcesBuildPhase;
			buildActionMask = 2147483647;
			files = (
				416021D82B5E27CE005A030A /* Preview Assets.xcassets in Resources */,
				416021D52B5E27CE005A030A /* Assets.xcassets in Resources */,
			);
			runOnlyForDeploymentPostprocessing = 0;
		};
/* End PBXResourcesBuildPhase section */

/* Begin PBXSourcesBuildPhase section */
		416021C92B5E27CE005A030A /* Sources */ = {
			isa = PBXSourcesBuildPhase;
			buildActionMask = 2147483647;
			files = (
				DBE97B842B81B11F00C8E590 /* StateBootcamp.swift in Sources */,
				DBE97B862B829CAF00C8E590 /* ExtractFunctionBootcamp.swift in Sources */,
				416021D32B5E27CE005A030A /* ContentView.swift in Sources */,
				41D386BE2B69C77100E4B12B /* StackBootCamp.swift in Sources */,
				41EDD39B2B7E95CC007A4600 /* ScrollViewBootcamp.swift in Sources */,
				41D386B82B662DC900E4B12B /* FrameBootCamp.swift in Sources */,
				416021DF2B5E35D5005A030A /* ShapesBootcamp.swift in Sources */,
				41F17BC92B71C863005426A3 /* PaddingAndSpacerBootcamp.swift in Sources */,
				416021D12B5E27CE005A030A /* NickSarnoApp.swift in Sources */,
				41EDD39F2B82C0EB007A4600 /* ExtracSubviewBootcamp.swift in Sources */,
				DBE97B7C2B7C537E00C8E590 /* PaddingAndSpacerBoothcamp.swift in Sources */,
				DBE97B802B81653100C8E590 /* SafeAreaBootcamp.swift in Sources */,
				41F17BCB2B71D7B5005426A3 /* SpacerBootcamp.swift in Sources */,
				DBE97B7E2B7DDED400C8E590 /* ForEachBootcamp.swift in Sources */,
				DBE97B822B81951200C8E590 /* ButtonBootcamp.swift in Sources */,
				4137D3092B7D78480031FE36 /* InitializerBootcamp.swift in Sources */,
				41D386B62B661EF500E4B12B /* IconsBootcamp.swift in Sources */,
				41D386B42B63221100E4B12B /* ColorsBootCamp.swift in Sources */,
				41D386BA2B66BAAD00E4B12B /* ImageBootCamp.swift in Sources */,
				41EDD39D2B7EB5ED007A4600 /* LazyVGridBootcamp.swift in Sources */,
				DBC35CED2B64A8A0000E192D /* GradientsBootCamp.swift in Sources */,
				41D386BC2B66F42D00E4B12B /* BackgroundAndOverlayBootCamp.swift in Sources */,
			);
			runOnlyForDeploymentPostprocessing = 0;
		};
/* End PBXSourcesBuildPhase section */

/* Begin XCBuildConfiguration section */
		416021D92B5E27CE005A030A /* Debug */ = {
			isa = XCBuildConfiguration;
			buildSettings = {
				ALWAYS_SEARCH_USER_PATHS = NO;
				ASSETCATALOG_COMPILER_GENERATE_SWIFT_ASSET_SYMBOL_EXTENSIONS = YES;
				CLANG_ANALYZER_NONNULL = YES;
				CLANG_ANALYZER_NUMBER_OBJECT_CONVERSION = YES_AGGRESSIVE;
				CLANG_CXX_LANGUAGE_STANDARD = "gnu++20";
				CLANG_ENABLE_MODULES = YES;
				CLANG_ENABLE_OBJC_ARC = YES;
				CLANG_ENABLE_OBJC_WEAK = YES;
				CLANG_WARN_BLOCK_CAPTURE_AUTORELEASING = YES;
				CLANG_WARN_BOOL_CONVERSION = YES;
				CLANG_WARN_COMMA = YES;
				CLANG_WARN_CONSTANT_CONVERSION = YES;
				CLANG_WARN_DEPRECATED_OBJC_IMPLEMENTATIONS = YES;
				CLANG_WARN_DIRECT_OBJC_ISA_USAGE = YES_ERROR;
				CLANG_WARN_DOCUMENTATION_COMMENTS = YES;
				CLANG_WARN_EMPTY_BODY = YES;
				CLANG_WARN_ENUM_CONVERSION = YES;
				CLANG_WARN_INFINITE_RECURSION = YES;
				CLANG_WARN_INT_CONVERSION = YES;
				CLANG_WARN_NON_LITERAL_NULL_CONVERSION = YES;
				CLANG_WARN_OBJC_IMPLICIT_RETAIN_SELF = YES;
				CLANG_WARN_OBJC_LITERAL_CONVERSION = YES;
				CLANG_WARN_OBJC_ROOT_CLASS = YES_ERROR;
				CLANG_WARN_QUOTED_INCLUDE_IN_FRAMEWORK_HEADER = YES;
				CLANG_WARN_RANGE_LOOP_ANALYSIS = YES;
				CLANG_WARN_STRICT_PROTOTYPES = YES;
				CLANG_WARN_SUSPICIOUS_MOVE = YES;
				CLANG_WARN_UNGUARDED_AVAILABILITY = YES_AGGRESSIVE;
				CLANG_WARN_UNREACHABLE_CODE = YES;
				CLANG_WARN__DUPLICATE_METHOD_MATCH = YES;
				COPY_PHASE_STRIP = NO;
				DEBUG_INFORMATION_FORMAT = dwarf;
				ENABLE_STRICT_OBJC_MSGSEND = YES;
				ENABLE_TESTABILITY = YES;
				ENABLE_USER_SCRIPT_SANDBOXING = YES;
				GCC_C_LANGUAGE_STANDARD = gnu17;
				GCC_DYNAMIC_NO_PIC = NO;
				GCC_NO_COMMON_BLOCKS = YES;
				GCC_OPTIMIZATION_LEVEL = 0;
				GCC_PREPROCESSOR_DEFINITIONS = (
					"DEBUG=1",
					"$(inherited)",
				);
				GCC_WARN_64_TO_32_BIT_CONVERSION = YES;
				GCC_WARN_ABOUT_RETURN_TYPE = YES_ERROR;
				GCC_WARN_UNDECLARED_SELECTOR = YES;
				GCC_WARN_UNINITIALIZED_AUTOS = YES_AGGRESSIVE;
				GCC_WARN_UNUSED_FUNCTION = YES;
				GCC_WARN_UNUSED_VARIABLE = YES;
				IPHONEOS_DEPLOYMENT_TARGET = 17.0;
				LOCALIZATION_PREFERS_STRING_CATALOGS = YES;
				MTL_ENABLE_DEBUG_INFO = INCLUDE_SOURCE;
				MTL_FAST_MATH = YES;
				ONLY_ACTIVE_ARCH = YES;
				SDKROOT = iphoneos;
				SWIFT_ACTIVE_COMPILATION_CONDITIONS = "DEBUG $(inherited)";
				SWIFT_OPTIMIZATION_LEVEL = "-Onone";
			};
			name = Debug;
		};
		416021DA2B5E27CE005A030A /* Release */ = {
			isa = XCBuildConfiguration;
			buildSettings = {
				ALWAYS_SEARCH_USER_PATHS = NO;
				ASSETCATALOG_COMPILER_GENERATE_SWIFT_ASSET_SYMBOL_EXTENSIONS = YES;
				CLANG_ANALYZER_NONNULL = YES;
				CLANG_ANALYZER_NUMBER_OBJECT_CONVERSION = YES_AGGRESSIVE;
				CLANG_CXX_LANGUAGE_STANDARD = "gnu++20";
				CLANG_ENABLE_MODULES = YES;
				CLANG_ENABLE_OBJC_ARC = YES;
				CLANG_ENABLE_OBJC_WEAK = YES;
				CLANG_WARN_BLOCK_CAPTURE_AUTORELEASING = YES;
				CLANG_WARN_BOOL_CONVERSION = YES;
				CLANG_WARN_COMMA = YES;
				CLANG_WARN_CONSTANT_CONVERSION = YES;
				CLANG_WARN_DEPRECATED_OBJC_IMPLEMENTATIONS = YES;
				CLANG_WARN_DIRECT_OBJC_ISA_USAGE = YES_ERROR;
				CLANG_WARN_DOCUMENTATION_COMMENTS = YES;
				CLANG_WARN_EMPTY_BODY = YES;
				CLANG_WARN_ENUM_CONVERSION = YES;
				CLANG_WARN_INFINITE_RECURSION = YES;
				CLANG_WARN_INT_CONVERSION = YES;
				CLANG_WARN_NON_LITERAL_NULL_CONVERSION = YES;
				CLANG_WARN_OBJC_IMPLICIT_RETAIN_SELF = YES;
				CLANG_WARN_OBJC_LITERAL_CONVERSION = YES;
				CLANG_WARN_OBJC_ROOT_CLASS = YES_ERROR;
				CLANG_WARN_QUOTED_INCLUDE_IN_FRAMEWORK_HEADER = YES;
				CLANG_WARN_RANGE_LOOP_ANALYSIS = YES;
				CLANG_WARN_STRICT_PROTOTYPES = YES;
				CLANG_WARN_SUSPICIOUS_MOVE = YES;
				CLANG_WARN_UNGUARDED_AVAILABILITY = YES_AGGRESSIVE;
				CLANG_WARN_UNREACHABLE_CODE = YES;
				CLANG_WARN__DUPLICATE_METHOD_MATCH = YES;
				COPY_PHASE_STRIP = NO;
				DEBUG_INFORMATION_FORMAT = "dwarf-with-dsym";
				ENABLE_NS_ASSERTIONS = NO;
				ENABLE_STRICT_OBJC_MSGSEND = YES;
				ENABLE_USER_SCRIPT_SANDBOXING = YES;
				GCC_C_LANGUAGE_STANDARD = gnu17;
				GCC_NO_COMMON_BLOCKS = YES;
				GCC_WARN_64_TO_32_BIT_CONVERSION = YES;
				GCC_WARN_ABOUT_RETURN_TYPE = YES_ERROR;
				GCC_WARN_UNDECLARED_SELECTOR = YES;
				GCC_WARN_UNINITIALIZED_AUTOS = YES_AGGRESSIVE;
				GCC_WARN_UNUSED_FUNCTION = YES;
				GCC_WARN_UNUSED_VARIABLE = YES;
				IPHONEOS_DEPLOYMENT_TARGET = 17.0;
				LOCALIZATION_PREFERS_STRING_CATALOGS = YES;
				MTL_ENABLE_DEBUG_INFO = NO;
				MTL_FAST_MATH = YES;
				SDKROOT = iphoneos;
				SWIFT_COMPILATION_MODE = wholemodule;
				VALIDATE_PRODUCT = YES;
			};
			name = Release;
		};
		416021DC2B5E27CE005A030A /* Debug */ = {
			isa = XCBuildConfiguration;
			buildSettings = {
				ASSETCATALOG_COMPILER_APPICON_NAME = AppIcon;
				ASSETCATALOG_COMPILER_GLOBAL_ACCENT_COLOR_NAME = AccentColor;
				CODE_SIGN_STYLE = Automatic;
				CURRENT_PROJECT_VERSION = 1;
				DEVELOPMENT_ASSET_PATHS = "\"NickSarno/Preview Content\"";
				DEVELOPMENT_TEAM = 497676H643;
				ENABLE_PREVIEWS = YES;
				GENERATE_INFOPLIST_FILE = YES;
				INFOPLIST_KEY_UIApplicationSceneManifest_Generation = YES;
				INFOPLIST_KEY_UIApplicationSupportsIndirectInputEvents = YES;
				INFOPLIST_KEY_UILaunchScreen_Generation = YES;
				INFOPLIST_KEY_UISupportedInterfaceOrientations_iPad = "UIInterfaceOrientationPortrait UIInterfaceOrientationPortraitUpsideDown UIInterfaceOrientationLandscapeLeft UIInterfaceOrientationLandscapeRight";
				INFOPLIST_KEY_UISupportedInterfaceOrientations_iPhone = "UIInterfaceOrientationPortrait UIInterfaceOrientationLandscapeLeft UIInterfaceOrientationLandscapeRight";
				LD_RUNPATH_SEARCH_PATHS = (
					"$(inherited)",
					"@executable_path/Frameworks",
				);
				MARKETING_VERSION = 1.0;
				PRODUCT_BUNDLE_IDENTIFIER = com.SwiftUIThinking.markphan.NickSarno;
				PRODUCT_NAME = "$(TARGET_NAME)";
				SWIFT_EMIT_LOC_STRINGS = YES;
				SWIFT_VERSION = 5.0;
				TARGETED_DEVICE_FAMILY = "1,2";
			};
			name = Debug;
		};
		416021DD2B5E27CE005A030A /* Release */ = {
			isa = XCBuildConfiguration;
			buildSettings = {
				ASSETCATALOG_COMPILER_APPICON_NAME = AppIcon;
				ASSETCATALOG_COMPILER_GLOBAL_ACCENT_COLOR_NAME = AccentColor;
				CODE_SIGN_STYLE = Automatic;
				CURRENT_PROJECT_VERSION = 1;
				DEVELOPMENT_ASSET_PATHS = "\"NickSarno/Preview Content\"";
				DEVELOPMENT_TEAM = 497676H643;
				ENABLE_PREVIEWS = YES;
				GENERATE_INFOPLIST_FILE = YES;
				INFOPLIST_KEY_UIApplicationSceneManifest_Generation = YES;
				INFOPLIST_KEY_UIApplicationSupportsIndirectInputEvents = YES;
				INFOPLIST_KEY_UILaunchScreen_Generation = YES;
				INFOPLIST_KEY_UISupportedInterfaceOrientations_iPad = "UIInterfaceOrientationPortrait UIInterfaceOrientationPortraitUpsideDown UIInterfaceOrientationLandscapeLeft UIInterfaceOrientationLandscapeRight";
				INFOPLIST_KEY_UISupportedInterfaceOrientations_iPhone = "UIInterfaceOrientationPortrait UIInterfaceOrientationLandscapeLeft UIInterfaceOrientationLandscapeRight";
				LD_RUNPATH_SEARCH_PATHS = (
					"$(inherited)",
					"@executable_path/Frameworks",
				);
				MARKETING_VERSION = 1.0;
				PRODUCT_BUNDLE_IDENTIFIER = com.SwiftUIThinking.markphan.NickSarno;
				PRODUCT_NAME = "$(TARGET_NAME)";
				SWIFT_EMIT_LOC_STRINGS = YES;
				SWIFT_VERSION = 5.0;
				TARGETED_DEVICE_FAMILY = "1,2";
			};
			name = Release;
		};
/* End XCBuildConfiguration section */

/* Begin XCConfigurationList section */
		416021C82B5E27CE005A030A /* Build configuration list for PBXProject "NickSarno" */ = {
			isa = XCConfigurationList;
			buildConfigurations = (
				416021D92B5E27CE005A030A /* Debug */,
				416021DA2B5E27CE005A030A /* Release */,
			);
			defaultConfigurationIsVisible = 0;
			defaultConfigurationName = Release;
		};
		416021DB2B5E27CE005A030A /* Build configuration list for PBXNativeTarget "NickSarno" */ = {
			isa = XCConfigurationList;
			buildConfigurations = (
				416021DC2B5E27CE005A030A /* Debug */,
				416021DD2B5E27CE005A030A /* Release */,
			);
			defaultConfigurationIsVisible = 0;
			defaultConfigurationName = Release;
		};
/* End XCConfigurationList section */
	};
	rootObject = 416021C52B5E27CE005A030A /* Project object */;
}
